{
  "name": "webcam",
  "version": "1.0.0",
  "lockfileVersion": 1,
  "requires": true,
  "dependencies": {
    "tc-collection": {
      "version": "git+ssh://git@gitlab.trueconf.com:libs/ts/collection.git#70a9d7a37c3e012fa536680750829ce2cd8ab686",
      "from": "git+ssh://git@gitlab.trueconf.com:libs/ts/collection.git"
    },
    "tc-color": {
      "version": "git+ssh://git@gitlab.trueconf.com:libs/ts/color.git#d3779ab5898fd70030c42da7ef046584b0dad387",
      "from": "git+ssh://git@gitlab.trueconf.com:libs/ts/color.git"
    },
    "tc-event-target": {
      "version": "git+ssh://git@gitlab.trueconf.com:libs/ts/event-target.git#c965a8189ed97933940fc464ab090887f4e99604",
      "from": "git+ssh://git@gitlab.trueconf.com:libs/ts/event-target.git",
      "requires": {
        "tc-collection": "git+ssh://git@gitlab.trueconf.com:libs/ts/collection.git",
        "tc-logger": "git+ssh://git@gitlab.trueconf.com:libs/ts/logger.git",
        "tc-observable": "git+ssh://git@gitlab.trueconf.com:libs/ts/observable.git"
      }
    },
    "tc-ice": {
      "version": "git+ssh://git@gitlab.trueconf.com:libs/ts/ice.git#0a259e4adbe97f19ebbcb5beeb53faa010811e63",
      "from": "git+ssh://git@gitlab.trueconf.com:libs/ts/ice.git",
      "requires": {
        "tc-event-target": "git+ssh://git@gitlab.trueconf.com:libs/ts/event-target.git"
      }
    },
    "tc-logger": {
      "version": "git+ssh://git@gitlab.trueconf.com:libs/ts/logger.git#c86c858745575c7e63eb48a4af0ba78ed96ef2bd",
      "from": "git+ssh://git@gitlab.trueconf.com:libs/ts/logger.git",
      "requires": {
        "tc-color": "git+ssh://git@gitlab.trueconf.com:libs/ts/color.git",
        "tc-random": "git+ssh://git@gitlab.trueconf.com:libs/ts/random.git"
      }
    },
    "tc-observable": {
      "version": "git+ssh://git@gitlab.trueconf.com:libs/ts/observable.git#3df037cf08183e10a2fbc4b3437791ef977b17c9",
      "from": "git+ssh://git@gitlab.trueconf.com:libs/ts/observable.git"
    },
    "tc-random": {
      "version": "git+ssh://git@gitlab.trueconf.com:libs/ts/random.git#445db030827e42b3b6dacdf5aa1d2d5c0349fdfd",
      "from": "git+ssh://git@gitlab.trueconf.com:libs/ts/random.git"
    },
    "tc-sdp": {
      "version": "git+ssh://git@gitlab.trueconf.com:libs/ts/sdp.git#8d2ab3029b1a0ed1f19ced89869cb5c31893ea81",
      "from": "git+ssh://git@gitlab.trueconf.com:libs/ts/sdp.git",
      "requires": {
        "tc-ice": "git+ssh://git@gitlab.trueconf.com:libs/ts/ice.git"
      }
    }
  }
}
